
Microsoft Visual Studio Solution File, Format Version 12.00
# Visual Studio Version 16
VisualStudioVersion = 16.0.31129.286
MinimumVisualStudioVersion = 10.0.40219.1
Project("{2150E333-8FDC-42A3-9474-1A3956D46DE8}") = "Services", "Services", "{6DC1CC31-E483-4C6A-B04F-6F79310209F0}"
EndProject
Project("{2150E333-8FDC-42A3-9474-1A3956D46DE8}") = "Catalog", "Catalog", "{685CCB50-B6C8-42CA-8D08-A75CC7B844B0}"
EndProject
Project("{FAE04EC0-301F-11D3-BF4B-00C04F79EFBC}") = "Catalog.API", "Services\Catalog\Catalog.API\Catalog.API.csproj", "{2BB3D8B4-A419-482B-BB83-241775FE49B4}"
EndProject
Global
	GlobalSection(SolutionConfigurationPlatforms) = preSolution
		Debug|Any CPU = Debug|Any CPU
		Release|Any CPU = Release|Any CPU
	EndGlobalSection
	GlobalSection(ProjectConfigurationPlatforms) = postSolution
		{2BB3D8B4-A419-482B-BB83-241775FE49B4}.Debug|Any CPU.ActiveCfg = Debug|Any CPU
		{2BB3D8B4-A419-482B-BB83-241775FE49B4}.Debug|Any CPU.Build.0 = Debug|Any CPU
		{2BB3D8B4-A419-482B-BB83-241775FE49B4}.Release|Any CPU.ActiveCfg = Release|Any CPU
		{2BB3D8B4-A419-482B-BB83-241775FE49B4}.Release|Any CPU.Build.0 = Release|Any CPU
	EndGlobalSection
	GlobalSection(SolutionProperties) = preSolution
		HideSolutionNode = FALSE
	EndGlobalSection
	GlobalSection(NestedProjects) = preSolution
		{685CCB50-B6C8-42CA-8D08-A75CC7B844B0} = {6DC1CC31-E483-4C6A-B04F-6F79310209F0}
		{2BB3D8B4-A419-482B-BB83-241775FE49B4} = {685CCB50-B6C8-42CA-8D08-A75CC7B844B0}
	EndGlobalSection
	GlobalSection(ExtensibilityGlobals) = postSolution
		SolutionGuid = {EDD6E7DA-072D-405B-BFF4-94AAC05B83B2}
	EndGlobalSection
EndGlobal
